
Microsoft Visual Studio Solution File, Format Version 12.00
# Visual Studio 2012
Project("{FAE04EC0-301F-11D3-BF4B-00C04F79EFBC}") = "MastermindGame", "MastermindGame\MastermindGame.csproj", "{B4B9F861-946E-4EC7-AA77-69D63A854FE1}"
EndProject
Project("{FAE04EC0-301F-11D3-BF4B-00C04F79EFBC}") = "TestConsoleMasterMind", "TestConsoleMasterMind\TestConsoleMasterMind.csproj", "{4F2BBBF3-B906-4AF2-ACDD-1A972C7979C0}"
EndProject
Global
	GlobalSection(SolutionConfigurationPlatforms) = preSolution
		Debug|Any CPU = Debug|Any CPU
		Release|Any CPU = Release|Any CPU
	EndGlobalSection
	GlobalSection(ProjectConfigurationPlatforms) = postSolution
		{B4B9F861-946E-4EC7-AA77-69D63A854FE1}.Debug|Any CPU.ActiveCfg = Debug|Any CPU
		{B4B9F861-946E-4EC7-AA77-69D63A854FE1}.Debug|Any CPU.Build.0 = Debug|Any CPU
		{B4B9F861-946E-4EC7-AA77-69D63A854FE1}.Release|Any CPU.ActiveCfg = Release|Any CPU
		{B4B9F861-946E-4EC7-AA77-69D63A854FE1}.Release|Any CPU.Build.0 = Release|Any CPU
		{4F2BBBF3-B906-4AF2-ACDD-1A972C7979C0}.Debug|Any CPU.ActiveCfg = Debug|Any CPU
		{4F2BBBF3-B906-4AF2-ACDD-1A972C7979C0}.Debug|Any CPU.Build.0 = Debug|Any CPU
		{4F2BBBF3-B906-4AF2-ACDD-1A972C7979C0}.Release|Any CPU.ActiveCfg = Release|Any CPU
		{4F2BBBF3-B906-4AF2-ACDD-1A972C7979C0}.Release|Any CPU.Build.0 = Release|Any CPU
	EndGlobalSection
	GlobalSection(SolutionProperties) = preSolution
		HideSolutionNode = FALSE
	EndGlobalSection
EndGlobal
